
Microsoft Visual Studio Solution File, Format Version 12.00
# Visual Studio Version 16
VisualStudioVersion = 16.0.30413.136
MinimumVisualStudioVersion = 10.0.40219.1
Project("{FAE04EC0-301F-11D3-BF4B-00C04F79EFBC}") = "HashingDataStructure", "HashingDataStructure\HashingDataStructure.csproj", "{D5328AD8-FBC7-4FFE-9F9A-5A0D2D1BE79F}"
EndProject
Global
	GlobalSection(SolutionConfigurationPlatforms) = preSolution
		Debug|Any CPU = Debug|Any CPU
		Release|Any CPU = Release|Any CPU
	EndGlobalSection
	GlobalSection(ProjectConfigurationPlatforms) = postSolution
		{D5328AD8-FBC7-4FFE-9F9A-5A0D2D1BE79F}.Debug|Any CPU.ActiveCfg = Debug|Any CPU
		{D5328AD8-FBC7-4FFE-9F9A-5A0D2D1BE79F}.Debug|Any CPU.Build.0 = Debug|Any CPU
		{D5328AD8-FBC7-4FFE-9F9A-5A0D2D1BE79F}.Release|Any CPU.ActiveCfg = Release|Any CPU
		{D5328AD8-FBC7-4FFE-9F9A-5A0D2D1BE79F}.Release|Any CPU.Build.0 = Release|Any CPU
	EndGlobalSection
	GlobalSection(SolutionProperties) = preSolution
		HideSolutionNode = FALSE
	EndGlobalSection
	GlobalSection(ExtensibilityGlobals) = postSolution
		SolutionGuid = {DF25E769-900E-41BF-B9BC-04F2214BE14A}
	EndGlobalSection
EndGlobal
